# This file is automatically @generated by Cargo.
# It is not intended for manual editing.
version = 4

[[package]]
name = "klaude-cli"
version = "0.1.0"
dependencies = [
 "klaude-core",
]

[[package]]
name = "klaude-core"
version = "0.1.0"

[[package]]
name = "klaude-exec"
version = "0.1.0"
dependencies = [
 "klaude-core",
]

[[package]]
name = "klaude-tui"
version = "0.1.0"
dependencies = [
 "klaude-core",
]

[[package]]
name = "protocal"
version = "0.1.0"
